// !$*UTF8*$!
{
	archiveVersion = 1;
	classes = {
	};
	objectVersion = 56;
	objects = {

/* Begin PBXBuildFile section */
		29A7B3202B1754420077E1C1 /* AcceptReject.swift in Sources */ = {isa = PBXBuildFile; fileRef = 29A7B31F2B1754420077E1C1 /* AcceptReject.swift */; };
		29A7B3222B17696C0077E1C1 /* CustomDialog.swift in Sources */ = {isa = PBXBuildFile; fileRef = 29A7B3212B17696C0077E1C1 /* CustomDialog.swift */; };
		8161EE7A2B0A9E3700669CE2 /* DawriyahApp.swift in Sources */ = {isa = PBXBuildFile; fileRef = 8161EE792B0A9E3700669CE2 /* DawriyahApp.swift */; };
		8161EE7E2B0A9E3700669CE2 /* Item.swift in Sources */ = {isa = PBXBuildFile; fileRef = 8161EE7D2B0A9E3700669CE2 /* Item.swift */; };
		8161EE802B0A9E3800669CE2 /* Assets.xcassets in Resources */ = {isa = PBXBuildFile; fileRef = 8161EE7F2B0A9E3800669CE2 /* Assets.xcassets */; };
		8161EE832B0A9E3800669CE2 /* Preview Assets.xcassets in Resources */ = {isa = PBXBuildFile; fileRef = 8161EE822B0A9E3800669CE2 /* Preview Assets.xcassets */; };
		8161EE8E2B0DF26300669CE2 /* CalanderView.swift in Sources */ = {isa = PBXBuildFile; fileRef = 8161EE8D2B0DF26300669CE2 /* CalanderView.swift */; };
		8161EE902B0DF27D00669CE2 /* CreateView.swift in Sources */ = {isa = PBXBuildFile; fileRef = 8161EE8F2B0DF27D00669CE2 /* CreateView.swift */; };
		8161EE942B10C9D600669CE2 /* peopleView.swift in Sources */ = {isa = PBXBuildFile; fileRef = 8161EE932B10C9D600669CE2 /* peopleView.swift */; };
		8161EEB62B13C5BA00669CE2 /* SplachScreenView.swift in Sources */ = {isa = PBXBuildFile; fileRef = 8161EEB52B13C5BA00669CE2 /* SplachScreenView.swift */; };
		81F5E58D2B15A1D60078DD26 /* peopleInfo.swift in Sources */ = {isa = PBXBuildFile; fileRef = 81F5E58C2B15A1D60078DD26 /* peopleInfo.swift */; };
		81F5E58F2B15A2520078DD26 /* calanderSheet.swift in Sources */ = {isa = PBXBuildFile; fileRef = 81F5E58E2B15A2520078DD26 /* calanderSheet.swift */; };
		81F5E5912B15A8490078DD26 /* signInView.swift in Sources */ = {isa = PBXBuildFile; fileRef = 81F5E5902B15A8490078DD26 /* signInView.swift */; };
		81F5E5932B15B8ED0078DD26 /* GroupsView.swift in Sources */ = {isa = PBXBuildFile; fileRef = 81F5E5922B15B8ED0078DD26 /* GroupsView.swift */; };
		C53CE7232B14CDA800A0C041 /* DawriyahTurns.swift in Sources */ = {isa = PBXBuildFile; fileRef = C53CE7222B14CDA800A0C041 /* DawriyahTurns.swift */; };
/* End PBXBuildFile section */

/* Begin PBXFileReference section */
		29A7B31F2B1754420077E1C1 /* AcceptReject.swift */ = {isa = PBXFileReference; lastKnownFileType = sourcecode.swift; path = AcceptReject.swift; sourceTree = "<group>"; };
		29A7B3212B17696C0077E1C1 /* CustomDialog.swift */ = {isa = PBXFileReference; lastKnownFileType = sourcecode.swift; path = CustomDialog.swift; sourceTree = "<group>"; };
		8161EE762B0A9E3700669CE2 /* Dawriyah.app */ = {isa = PBXFileReference; explicitFileType = wrapper.application; includeInIndex = 0; path = Dawriyah.app; sourceTree = BUILT_PRODUCTS_DIR; };
		8161EE792B0A9E3700669CE2 /* DawriyahApp.swift */ = {isa = PBXFileReference; lastKnownFileType = sourcecode.swift; path = DawriyahApp.swift; sourceTree = "<group>"; };
		8161EE7D2B0A9E3700669CE2 /* Item.swift */ = {isa = PBXFileReference; lastKnownFileType = sourcecode.swift; path = Item.swift; sourceTree = "<group>"; };
		8161EE7F2B0A9E3800669CE2 /* Assets.xcassets */ = {isa = PBXFileReference; lastKnownFileType = folder.assetcatalog; path = Assets.xcassets; sourceTree = "<group>"; };
		8161EE822B0A9E3800669CE2 /* Preview Assets.xcassets */ = {isa = PBXFileReference; lastKnownFileType = folder.assetcatalog; path = "Preview Assets.xcassets"; sourceTree = "<group>"; };
		8161EE8D2B0DF26300669CE2 /* CalanderView.swift */ = {isa = PBXFileReference; lastKnownFileType = sourcecode.swift; path = CalanderView.swift; sourceTree = "<group>"; };
		8161EE8F2B0DF27D00669CE2 /* CreateView.swift */ = {isa = PBXFileReference; lastKnownFileType = sourcecode.swift; path = CreateView.swift; sourceTree = "<group>"; };
		8161EE932B10C9D600669CE2 /* peopleView.swift */ = {isa = PBXFileReference; lastKnownFileType = sourcecode.swift; path = peopleView.swift; sourceTree = "<group>"; };
		8161EEB52B13C5BA00669CE2 /* SplachScreenView.swift */ = {isa = PBXFileReference; lastKnownFileType = sourcecode.swift; path = SplachScreenView.swift; sourceTree = "<group>"; };
		81F5E58C2B15A1D60078DD26 /* peopleInfo.swift */ = {isa = PBXFileReference; lastKnownFileType = sourcecode.swift; path = peopleInfo.swift; sourceTree = "<group>"; };
		81F5E58E2B15A2520078DD26 /* calanderSheet.swift */ = {isa = PBXFileReference; lastKnownFileType = sourcecode.swift; path = calanderSheet.swift; sourceTree = "<group>"; };
		81F5E5902B15A8490078DD26 /* signInView.swift */ = {isa = PBXFileReference; lastKnownFileType = sourcecode.swift; path = signInView.swift; sourceTree = "<group>"; };
		81F5E5922B15B8ED0078DD26 /* GroupsView.swift */ = {isa = PBXFileReference; lastKnownFileType = sourcecode.swift; path = GroupsView.swift; sourceTree = "<group>"; };
		81F5E5942B1603C80078DD26 /* Dawriyah.entitlements */ = {isa = PBXFileReference; lastKnownFileType = text.plist.entitlements; path = Dawriyah.entitlements; sourceTree = "<group>"; };
		C53CE7222B14CDA800A0C041 /* DawriyahTurns.swift */ = {isa = PBXFileReference; lastKnownFileType = sourcecode.swift; path = DawriyahTurns.swift; sourceTree = "<group>"; };
/* End PBXFileReference section */

/* Begin PBXFrameworksBuildPhase section */
		8161EE732B0A9E3700669CE2 /* Frameworks */ = {
			isa = PBXFrameworksBuildPhase;
			buildActionMask = 2147483647;
			files = (
			);
			runOnlyForDeploymentPostprocessing = 0;
		};
/* End PBXFrameworksBuildPhase section */

/* Begin PBXGroup section */
		8161EE6D2B0A9E3700669CE2 = {
			isa = PBXGroup;
			children = (
				8161EE782B0A9E3700669CE2 /* Dawriyah */,
				8161EE772B0A9E3700669CE2 /* Products */,
			);
			sourceTree = "<group>";
		};
		8161EE772B0A9E3700669CE2 /* Products */ = {
			isa = PBXGroup;
			children = (
				8161EE762B0A9E3700669CE2 /* Dawriyah.app */,
			);
			name = Products;
			sourceTree = "<group>";
		};
		8161EE782B0A9E3700669CE2 /* Dawriyah */ = {
			isa = PBXGroup;
			children = (
				81F5E5942B1603C80078DD26 /* Dawriyah.entitlements */,
				8161EEB22B13C20200669CE2 /* other */,
				8161EE792B0A9E3700669CE2 /* DawriyahApp.swift */,
				8161EE8D2B0DF26300669CE2 /* CalanderView.swift */,
				C53CE7222B14CDA800A0C041 /* DawriyahTurns.swift */,
				8161EE8F2B0DF27D00669CE2 /* CreateView.swift */,
				81F5E5902B15A8490078DD26 /* signInView.swift */,
				81F5E5922B15B8ED0078DD26 /* GroupsView.swift */,
				8161EE932B10C9D600669CE2 /* peopleView.swift */,
				29A7B31F2B1754420077E1C1 /* AcceptReject.swift */,
				29A7B3212B17696C0077E1C1 /* CustomDialog.swift */,
				81F5E58B2B15A1A00078DD26 /* Model */,
				8161EE7F2B0A9E3800669CE2 /* Assets.xcassets */,
				8161EE812B0A9E3800669CE2 /* Preview Content */,
			);
			path = Dawriyah;
			sourceTree = "<group>";
		};
		8161EE812B0A9E3800669CE2 /* Preview Content */ = {
			isa = PBXGroup;
			children = (
				8161EE822B0A9E3800669CE2 /* Preview Assets.xcassets */,
			);
			path = "Preview Content";
			sourceTree = "<group>";
		};
		8161EEB22B13C20200669CE2 /* other */ = {
			isa = PBXGroup;
			children = (
				8161EEB52B13C5BA00669CE2 /* SplachScreenView.swift */,
			);
			path = other;
			sourceTree = "<group>";
		};
		81F5E58B2B15A1A00078DD26 /* Model */ = {
			isa = PBXGroup;
			children = (
				8161EE7D2B0A9E3700669CE2 /* Item.swift */,
				81F5E58C2B15A1D60078DD26 /* peopleInfo.swift */,
				81F5E58E2B15A2520078DD26 /* calanderSheet.swift */,
			);
			path = Model;
			sourceTree = "<group>";
		};
/* End PBXGroup section */

/* Begin PBXNativeTarget section */
		8161EE752B0A9E3700669CE2 /* Dawriyah */ = {
			isa = PBXNativeTarget;
			buildConfigurationList = 8161EE862B0A9E3800669CE2 /* Build configuration list for PBXNativeTarget "Dawriyah" */;
			buildPhases = (
				8161EE722B0A9E3700669CE2 /* Sources */,
				8161EE732B0A9E3700669CE2 /* Frameworks */,
				8161EE742B0A9E3700669CE2 /* Resources */,
			);
			buildRules = (
			);
			dependencies = (
			);
			name = Dawriyah;
			productName = Dawriyah;
			productReference = 8161EE762B0A9E3700669CE2 /* Dawriyah.app */;
			productType = "com.apple.product-type.application";
		};
/* End PBXNativeTarget section */

/* Begin PBXProject section */
		8161EE6E2B0A9E3700669CE2 /* Project object */ = {
			isa = PBXProject;
			attributes = {
				BuildIndependentTargetsInParallel = 1;
				LastSwiftUpdateCheck = 1500;
				LastUpgradeCheck = 1500;
				TargetAttributes = {
					8161EE752B0A9E3700669CE2 = {
						CreatedOnToolsVersion = 15.0;
					};
				};
			};
			buildConfigurationList = 8161EE712B0A9E3700669CE2 /* Build configuration list for PBXProject "Dawriyah" */;
			compatibilityVersion = "Xcode 14.0";
			developmentRegion = en;
			hasScannedForEncodings = 0;
			knownRegions = (
				en,
				Base,
			);
			mainGroup = 8161EE6D2B0A9E3700669CE2;
			productRefGroup = 8161EE772B0A9E3700669CE2 /* Products */;
			projectDirPath = "";
			projectRoot = "";
			targets = (
				8161EE752B0A9E3700669CE2 /* Dawriyah */,
			);
		};
/* End PBXProject section */

/* Begin PBXResourcesBuildPhase section */
		8161EE742B0A9E3700669CE2 /* Resources */ = {
			isa = PBXResourcesBuildPhase;
			buildActionMask = 2147483647;
			files = (
				8161EE832B0A9E3800669CE2 /* Preview Assets.xcassets in Resources */,
				8161EE802B0A9E3800669CE2 /* Assets.xcassets in Resources */,
			);
			runOnlyForDeploymentPostprocessing = 0;
		};
/* End PBXResourcesBuildPhase section */

/* Begin PBXSourcesBuildPhase section */
		8161EE722B0A9E3700669CE2 /* Sources */ = {
			isa = PBXSourcesBuildPhase;
			buildActionMask = 2147483647;
			files = (
				29A7B3222B17696C0077E1C1 /* CustomDialog.swift in Sources */,
				8161EEB62B13C5BA00669CE2 /* SplachScreenView.swift in Sources */,
				8161EE8E2B0DF26300669CE2 /* CalanderView.swift in Sources */,
				81F5E5932B15B8ED0078DD26 /* GroupsView.swift in Sources */,
				8161EE7E2B0A9E3700669CE2 /* Item.swift in Sources */,
				8161EE902B0DF27D00669CE2 /* CreateView.swift in Sources */,
				81F5E5912B15A8490078DD26 /* signInView.swift in Sources */,
				29A7B3202B1754420077E1C1 /* AcceptReject.swift in Sources */,
				81F5E58F2B15A2520078DD26 /* calanderSheet.swift in Sources */,
				81F5E58D2B15A1D60078DD26 /* peopleInfo.swift in Sources */,
				8161EE942B10C9D600669CE2 /* peopleView.swift in Sources */,
				8161EE7A2B0A9E3700669CE2 /* DawriyahApp.swift in Sources */,
				C53CE7232B14CDA800A0C041 /* DawriyahTurns.swift in Sources */,
			);
			runOnlyForDeploymentPostprocessing = 0;
		};
/* End PBXSourcesBuildPhase section */

/* Begin XCBuildConfiguration section */
		8161EE842B0A9E3800669CE2 /* Debug */ = {
			isa = XCBuildConfiguration;
			buildSettings = {
				ALWAYS_SEARCH_USER_PATHS = NO;
				ASSETCATALOG_COMPILER_GENERATE_SWIFT_ASSET_SYMBOL_EXTENSIONS = YES;
				CLANG_ANALYZER_NONNULL = YES;
				CLANG_ANALYZER_NUMBER_OBJECT_CONVERSION = YES_AGGRESSIVE;
				CLANG_CXX_LANGUAGE_STANDARD = "gnu++20";
				CLANG_ENABLE_MODULES = YES;
				CLANG_ENABLE_OBJC_ARC = YES;
				CLANG_ENABLE_OBJC_WEAK = YES;
				CLANG_WARN_BLOCK_CAPTURE_AUTORELEASING = YES;
				CLANG_WARN_BOOL_CONVERSION = YES;
				CLANG_WARN_COMMA = YES;
				CLANG_WARN_CONSTANT_CONVERSION = YES;
				CLANG_WARN_DEPRECATED_OBJC_IMPLEMENTATIONS = YES;
				CLANG_WARN_DIRECT_OBJC_ISA_USAGE = YES_ERROR;
				CLANG_WARN_DOCUMENTATION_COMMENTS = YES;
				CLANG_WARN_EMPTY_BODY = YES;
				CLANG_WARN_ENUM_CONVERSION = YES;
				CLANG_WARN_INFINITE_RECURSION = YES;
				CLANG_WARN_INT_CONVERSION = YES;
				CLANG_WARN_NON_LITERAL_NULL_CONVERSION = YES;
				CLANG_WARN_OBJC_IMPLICIT_RETAIN_SELF = YES;
				CLANG_WARN_OBJC_LITERAL_CONVERSION = YES;
				CLANG_WARN_OBJC_ROOT_CLASS = YES_ERROR;
				CLANG_WARN_QUOTED_INCLUDE_IN_FRAMEWORK_HEADER = YES;
				CLANG_WARN_RANGE_LOOP_ANALYSIS = YES;
				CLANG_WARN_STRICT_PROTOTYPES = YES;
				CLANG_WARN_SUSPICIOUS_MOVE = YES;
				CLANG_WARN_UNGUARDED_AVAILABILITY = YES_AGGRESSIVE;
				CLANG_WARN_UNREACHABLE_CODE = YES;
				CLANG_WARN__DUPLICATE_METHOD_MATCH = YES;
				COPY_PHASE_STRIP = NO;
				DEBUG_INFORMATION_FORMAT = dwarf;
				ENABLE_STRICT_OBJC_MSGSEND = YES;
				ENABLE_TESTABILITY = YES;
				ENABLE_USER_SCRIPT_SANDBOXING = YES;
				GCC_C_LANGUAGE_STANDARD = gnu17;
				GCC_DYNAMIC_NO_PIC = NO;
				GCC_NO_COMMON_BLOCKS = YES;
				GCC_OPTIMIZATION_LEVEL = 0;
				GCC_PREPROCESSOR_DEFINITIONS = (
					"DEBUG=1",
					"$(inherited)",
				);
				GCC_WARN_64_TO_32_BIT_CONVERSION = YES;
				GCC_WARN_ABOUT_RETURN_TYPE = YES_ERROR;
				GCC_WARN_UNDECLARED_SELECTOR = YES;
				GCC_WARN_UNINITIALIZED_AUTOS = YES_AGGRESSIVE;
				GCC_WARN_UNUSED_FUNCTION = YES;
				GCC_WARN_UNUSED_VARIABLE = YES;
				IPHONEOS_DEPLOYMENT_TARGET = 17.0;
				LOCALIZATION_PREFERS_STRING_CATALOGS = YES;
				MTL_ENABLE_DEBUG_INFO = INCLUDE_SOURCE;
				MTL_FAST_MATH = YES;
				ONLY_ACTIVE_ARCH = YES;
				SDKROOT = iphoneos;
				SWIFT_ACTIVE_COMPILATION_CONDITIONS = "DEBUG $(inherited)";
				SWIFT_OPTIMIZATION_LEVEL = "-Onone";
			};
			name = Debug;
		};
		8161EE852B0A9E3800669CE2 /* Release */ = {
			isa = XCBuildConfiguration;
			buildSettings = {
				ALWAYS_SEARCH_USER_PATHS = NO;
				ASSETCATALOG_COMPILER_GENERATE_SWIFT_ASSET_SYMBOL_EXTENSIONS = YES;
				CLANG_ANALYZER_NONNULL = YES;
				CLANG_ANALYZER_NUMBER_OBJECT_CONVERSION = YES_AGGRESSIVE;
				CLANG_CXX_LANGUAGE_STANDARD = "gnu++20";
				CLANG_ENABLE_MODULES = YES;
				CLANG_ENABLE_OBJC_ARC = YES;
				CLANG_ENABLE_OBJC_WEAK = YES;
				CLANG_WARN_BLOCK_CAPTURE_AUTORELEASING = YES;
				CLANG_WARN_BOOL_CONVERSION = YES;
				CLANG_WARN_COMMA = YES;
				CLANG_WARN_CONSTANT_CONVERSION = YES;
				CLANG_WARN_DEPRECATED_OBJC_IMPLEMENTATIONS = YES;
				CLANG_WARN_DIRECT_OBJC_ISA_USAGE = YES_ERROR;
				CLANG_WARN_DOCUMENTATION_COMMENTS = YES;
				CLANG_WARN_EMPTY_BODY = YES;
				CLANG_WARN_ENUM_CONVERSION = YES;
				CLANG_WARN_INFINITE_RECURSION = YES;
				CLANG_WARN_INT_CONVERSION = YES;
				CLANG_WARN_NON_LITERAL_NULL_CONVERSION = YES;
				CLANG_WARN_OBJC_IMPLICIT_RETAIN_SELF = YES;
				CLANG_WARN_OBJC_LITERAL_CONVERSION = YES;
				CLANG_WARN_OBJC_ROOT_CLASS = YES_ERROR;
				CLANG_WARN_QUOTED_INCLUDE_IN_FRAMEWORK_HEADER = YES;
				CLANG_WARN_RANGE_LOOP_ANALYSIS = YES;
				CLANG_WARN_STRICT_PROTOTYPES = YES;
				CLANG_WARN_SUSPICIOUS_MOVE = YES;
				CLANG_WARN_UNGUARDED_AVAILABILITY = YES_AGGRESSIVE;
				CLANG_WARN_UNREACHABLE_CODE = YES;
				CLANG_WARN__DUPLICATE_METHOD_MATCH = YES;
				COPY_PHASE_STRIP = NO;
				DEBUG_INFORMATION_FORMAT = "dwarf-with-dsym";
				ENABLE_NS_ASSERTIONS = NO;
				ENABLE_STRICT_OBJC_MSGSEND = YES;
				ENABLE_USER_SCRIPT_SANDBOXING = YES;
				GCC_C_LANGUAGE_STANDARD = gnu17;
				GCC_NO_COMMON_BLOCKS = YES;
				GCC_WARN_64_TO_32_BIT_CONVERSION = YES;
				GCC_WARN_ABOUT_RETURN_TYPE = YES_ERROR;
				GCC_WARN_UNDECLARED_SELECTOR = YES;
				GCC_WARN_UNINITIALIZED_AUTOS = YES_AGGRESSIVE;
				GCC_WARN_UNUSED_FUNCTION = YES;
				GCC_WARN_UNUSED_VARIABLE = YES;
				IPHONEOS_DEPLOYMENT_TARGET = 17.0;
				LOCALIZATION_PREFERS_STRING_CATALOGS = YES;
				MTL_ENABLE_DEBUG_INFO = NO;
				MTL_FAST_MATH = YES;
				SDKROOT = iphoneos;
				SWIFT_COMPILATION_MODE = wholemodule;
				VALIDATE_PRODUCT = YES;
			};
			name = Release;
		};
		8161EE872B0A9E3800669CE2 /* Debug */ = {
			isa = XCBuildConfiguration;
			buildSettings = {
				ASSETCATALOG_COMPILER_APPICON_NAME = AppIcon;
				ASSETCATALOG_COMPILER_GLOBAL_ACCENT_COLOR_NAME = AccentColor;
				CODE_SIGN_ENTITLEMENTS = Dawriyah/Dawriyah.entitlements;
				CODE_SIGN_STYLE = Automatic;
				CURRENT_PROJECT_VERSION = 1;
				DEVELOPMENT_ASSET_PATHS = "\"Dawriyah/Preview Content\"";
				DEVELOPMENT_TEAM = W8DD873N4N;
				ENABLE_PREVIEWS = YES;
				GENERATE_INFOPLIST_FILE = YES;
				INFOPLIST_KEY_UIApplicationSceneManifest_Generation = YES;
				INFOPLIST_KEY_UIApplicationSupportsIndirectInputEvents = YES;
				INFOPLIST_KEY_UILaunchScreen_Generation = YES;
				INFOPLIST_KEY_UILaunchStoryboardName = "Launch Screen.storyboard";
				INFOPLIST_KEY_UISupportedInterfaceOrientations_iPad = "UIInterfaceOrientationPortrait UIInterfaceOrientationPortraitUpsideDown UIInterfaceOrientationLandscapeLeft UIInterfaceOrientationLandscapeRight";
				INFOPLIST_KEY_UISupportedInterfaceOrientations_iPhone = "UIInterfaceOrientationPortrait UIInterfaceOrientationLandscapeLeft UIInterfaceOrientationLandscapeRight";
				LD_RUNPATH_SEARCH_PATHS = (
					"$(inherited)",
					"@executable_path/Frameworks",
				);
				MARKETING_VERSION = 1.0;
				PRODUCT_BUNDLE_IDENTIFIER = bsmah.Dawriyah;
				PRODUCT_NAME = "$(TARGET_NAME)";
				SWIFT_EMIT_LOC_STRINGS = YES;
				SWIFT_VERSION = 5.0;
				TARGETED_DEVICE_FAMILY = "1,2";
			};
			name = Debug;
		};
		8161EE882B0A9E3800669CE2 /* Release */ = {
			isa = XCBuildConfiguration;
			buildSettings = {
				ASSETCATALOG_COMPILER_APPICON_NAME = AppIcon;
				ASSETCATALOG_COMPILER_GLOBAL_ACCENT_COLOR_NAME = AccentColor;
				CODE_SIGN_ENTITLEMENTS = Dawriyah/Dawriyah.entitlements;
				CODE_SIGN_STYLE = Automatic;
				CURRENT_PROJECT_VERSION = 1;
				DEVELOPMENT_ASSET_PATHS = "\"Dawriyah/Preview Content\"";
				DEVELOPMENT_TEAM = W8DD873N4N;
				ENABLE_PREVIEWS = YES;
				GENERATE_INFOPLIST_FILE = YES;
				INFOPLIST_KEY_UIApplicationSceneManifest_Generation = YES;
				INFOPLIST_KEY_UIApplicationSupportsIndirectInputEvents = YES;
				INFOPLIST_KEY_UILaunchScreen_Generation = YES;
				INFOPLIST_KEY_UILaunchStoryboardName = "Launch Screen.storyboard";
				INFOPLIST_KEY_UISupportedInterfaceOrientations_iPad = "UIInterfaceOrientationPortrait UIInterfaceOrientationPortraitUpsideDown UIInterfaceOrientationLandscapeLeft UIInterfaceOrientationLandscapeRight";
				INFOPLIST_KEY_UISupportedInterfaceOrientations_iPhone = "UIInterfaceOrientationPortrait UIInterfaceOrientationLandscapeLeft UIInterfaceOrientationLandscapeRight";
				LD_RUNPATH_SEARCH_PATHS = (
					"$(inherited)",
					"@executable_path/Frameworks",
				);
				MARKETING_VERSION = 1.0;
				PRODUCT_BUNDLE_IDENTIFIER = bsmah.Dawriyah;
				PRODUCT_NAME = "$(TARGET_NAME)";
				SWIFT_EMIT_LOC_STRINGS = YES;
				SWIFT_VERSION = 5.0;
				TARGETED_DEVICE_FAMILY = "1,2";
			};
			name = Release;
		};
/* End XCBuildConfiguration section */

/* Begin XCConfigurationList section */
		8161EE712B0A9E3700669CE2 /* Build configuration list for PBXProject "Dawriyah" */ = {
			isa = XCConfigurationList;
			buildConfigurations = (
				8161EE842B0A9E3800669CE2 /* Debug */,
				8161EE852B0A9E3800669CE2 /* Release */,
			);
			defaultConfigurationIsVisible = 0;
			defaultConfigurationName = Release;
		};
		8161EE862B0A9E3800669CE2 /* Build configuration list for PBXNativeTarget "Dawriyah" */ = {
			isa = XCConfigurationList;
			buildConfigurations = (
				8161EE872B0A9E3800669CE2 /* Debug */,
				8161EE882B0A9E3800669CE2 /* Release */,
			);
			defaultConfigurationIsVisible = 0;
			defaultConfigurationName = Release;
		};
/* End XCConfigurationList section */
	};
	rootObject = 8161EE6E2B0A9E3700669CE2 /* Project object */;
}
